// !$*UTF8*$!
{
	archiveVersion = 1;
	classes = {
	};
	objectVersion = 46;
	objects = {

/* Begin PBXBuildFile section */
		2122BE001DC9861A0012213B /* iCarousel.framework in Frameworks */ = {isa = PBXBuildFile; fileRef = 2122BDFF1DC9861A0012213B /* iCarousel.framework */; };
		2143DD391DC9889400A4AFFB /* iCarousel.framework in CopyFiles */ = {isa = PBXBuildFile; fileRef = 2122BDFF1DC9861A0012213B /* iCarousel.framework */; };
		21682E4B1D4B53300008BEBF /* AppCanKit.framework in Frameworks */ = {isa = PBXBuildFile; fileRef = 21682E4A1D4B53300008BEBF /* AppCanKit.framework */; };
		2189535F1D4EEE9100C69839 /* iCarouselCoverFlow.m in Sources */ = {isa = PBXBuildFile; fileRef = 2189535E1D4EEE9100C69839 /* iCarouselCoverFlow.m */; };
		5A163FA7172930BD00F95EB7 /* Foundation.framework in Frameworks */ = {isa = PBXBuildFile; fileRef = 5A163FA6172930BD00F95EB7 /* Foundation.framework */; };
		5AA1F995188E69E300EA534C /* EUExCoverFlow2.m in Sources */ = {isa = PBXBuildFile; fileRef = 5AA1F974188E69E300EA534C /* EUExCoverFlow2.m */; };
/* End PBXBuildFile section */

/* Begin PBXCopyFilesBuildPhase section */
		5A163FA1172930BD00F95EB7 /* CopyFiles */ = {
			isa = PBXCopyFilesBuildPhase;
			buildActionMask = 2147483647;
			dstPath = "";
			dstSubfolderSpec = 16;
			files = (
				2143DD391DC9889400A4AFFB /* iCarousel.framework in CopyFiles */,
			);
			runOnlyForDeploymentPostprocessing = 0;
		};
/* End PBXCopyFilesBuildPhase section */

/* Begin PBXFileReference section */
		2122BDFF1DC9861A0012213B /* iCarousel.framework */ = {isa = PBXFileReference; lastKnownFileType = wrapper.framework; path = iCarousel.framework; sourceTree = "<group>"; };
		21682E4A1D4B53300008BEBF /* AppCanKit.framework */ = {isa = PBXFileReference; lastKnownFileType = wrapper.framework; path = AppCanKit.framework; sourceTree = "<group>"; };
		2189535D1D4EEE9100C69839 /* iCarouselCoverFlow.h */ = {isa = PBXFileReference; fileEncoding = 4; lastKnownFileType = sourcecode.c.h; path = iCarouselCoverFlow.h; sourceTree = "<group>"; };
		2189535E1D4EEE9100C69839 /* iCarouselCoverFlow.m */ = {isa = PBXFileReference; fileEncoding = 4; lastKnownFileType = sourcecode.c.objc; path = iCarouselCoverFlow.m; sourceTree = "<group>"; };
		5A163FA3172930BD00F95EB7 /* libuexCoverFlow2.a */ = {isa = PBXFileReference; explicitFileType = archive.ar; includeInIndex = 0; path = libuexCoverFlow2.a; sourceTree = BUILT_PRODUCTS_DIR; };
		5A163FA6172930BD00F95EB7 /* Foundation.framework */ = {isa = PBXFileReference; lastKnownFileType = wrapper.framework; name = Foundation.framework; path = System/Library/Frameworks/Foundation.framework; sourceTree = SDKROOT; };
		5A1640811729363800F95EB7 /* EUExCoverFlow2-Prefix.pch */ = {isa = PBXFileReference; fileEncoding = 4; lastKnownFileType = sourcecode.c.h; name = "EUExCoverFlow2-Prefix.pch"; path = "EUExCoverFlow2/EUExCoverFlow2-Prefix.pch"; sourceTree = "<group>"; };
		5AA1F971188E69E300EA534C /* EUExBaseDefine.h */ = {isa = PBXFileReference; fileEncoding = 4; lastKnownFileType = sourcecode.c.h; path = EUExBaseDefine.h; sourceTree = "<group>"; };
		5AA1F972188E69E300EA534C /* EUtility.h */ = {isa = PBXFileReference; fileEncoding = 4; lastKnownFileType = sourcecode.c.h; path = EUtility.h; sourceTree = "<group>"; };
		5AA1F973188E69E300EA534C /* EUExCoverFlow2.h */ = {isa = PBXFileReference; fileEncoding = 4; lastKnownFileType = sourcecode.c.h; name = EUExCoverFlow2.h; path = EUExCoverFlow2/EUExCoverFlow2.h; sourceTree = "<group>"; };
		5AA1F974188E69E300EA534C /* EUExCoverFlow2.m */ = {isa = PBXFileReference; fileEncoding = 4; lastKnownFileType = sourcecode.c.objc; name = EUExCoverFlow2.m; path = EUExCoverFlow2/EUExCoverFlow2.m; sourceTree = "<group>"; };
		5AA1F986188E69E300EA534C /* SDImageCache.h */ = {isa = PBXFileReference; fileEncoding = 4; lastKnownFileType = sourcecode.c.h; path = SDImageCache.h; sourceTree = "<group>"; };
		5AA1F987188E69E300EA534C /* SDImageCacheDelegate.h */ = {isa = PBXFileReference; fileEncoding = 4; lastKnownFileType = sourcecode.c.h; path = SDImageCacheDelegate.h; sourceTree = "<group>"; };
		5AA1F988188E69E300EA534C /* SDWebImageCompat.h */ = {isa = PBXFileReference; fileEncoding = 4; lastKnownFileType = sourcecode.c.h; path = SDWebImageCompat.h; sourceTree = "<group>"; };
		5AA1F989188E69E300EA534C /* SDWebImageDecoder.h */ = {isa = PBXFileReference; fileEncoding = 4; lastKnownFileType = sourcecode.c.h; path = SDWebImageDecoder.h; sourceTree = "<group>"; };
		5AA1F98A188E69E300EA534C /* SDWebImageDownloader.h */ = {isa = PBXFileReference; fileEncoding = 4; lastKnownFileType = sourcecode.c.h; path = SDWebImageDownloader.h; sourceTree = "<group>"; };
		5AA1F98B188E69E300EA534C /* SDWebImageDownloaderDelegate.h */ = {isa = PBXFileReference; fileEncoding = 4; lastKnownFileType = sourcecode.c.h; path = SDWebImageDownloaderDelegate.h; sourceTree = "<group>"; };
		5AA1F98C188E69E300EA534C /* SDWebImageManager.h */ = {isa = PBXFileReference; fileEncoding = 4; lastKnownFileType = sourcecode.c.h; path = SDWebImageManager.h; sourceTree = "<group>"; };
		5AA1F98D188E69E300EA534C /* SDWebImageManagerDelegate.h */ = {isa = PBXFileReference; fileEncoding = 4; lastKnownFileType = sourcecode.c.h; path = SDWebImageManagerDelegate.h; sourceTree = "<group>"; };
		5AA1F98E188E69E300EA534C /* SDWebImagePrefetcher.h */ = {isa = PBXFileReference; fileEncoding = 4; lastKnownFileType = sourcecode.c.h; path = SDWebImagePrefetcher.h; sourceTree = "<group>"; };
		5AA1F98F188E69E300EA534C /* UIButton+WebCache.h */ = {isa = PBXFileReference; fileEncoding = 4; lastKnownFileType = sourcecode.c.h; path = "UIButton+WebCache.h"; sourceTree = "<group>"; };
		5AA1F990188E69E300EA534C /* UIImageView+WebCache.h */ = {isa = PBXFileReference; fileEncoding = 4; lastKnownFileType = sourcecode.c.h; path = "UIImageView+WebCache.h"; sourceTree = "<group>"; };
/* End PBXFileReference section */

/* Begin PBXFrameworksBuildPhase section */
		5A163FA0172930BD00F95EB7 /* Frameworks */ = {
			isa = PBXFrameworksBuildPhase;
			buildActionMask = 2147483647;
			files = (
				21682E4B1D4B53300008BEBF /* AppCanKit.framework in Frameworks */,
				5A163FA7172930BD00F95EB7 /* Foundation.framework in Frameworks */,
				2122BE001DC9861A0012213B /* iCarousel.framework in Frameworks */,
			);
			runOnlyForDeploymentPostprocessing = 0;
		};
/* End PBXFrameworksBuildPhase section */

/* Begin PBXGroup section */
		5A163F98172930BD00F95EB7 = {
			isa = PBXGroup;
			children = (
				5AA1F96F188E69E300EA534C /* engineHeader */,
				5AA1F973188E69E300EA534C /* EUExCoverFlow2.h */,
				5AA1F974188E69E300EA534C /* EUExCoverFlow2.m */,
				5AA1F975188E69E300EA534C /* soureCode */,
				5A1640811729363800F95EB7 /* EUExCoverFlow2-Prefix.pch */,
				5A163FA5172930BD00F95EB7 /* Frameworks */,
				5A163FA4172930BD00F95EB7 /* Products */,
			);
			sourceTree = "<group>";
		};
		5A163FA4172930BD00F95EB7 /* Products */ = {
			isa = PBXGroup;
			children = (
				5A163FA3172930BD00F95EB7 /* libuexCoverFlow2.a */,
			);
			name = Products;
			sourceTree = "<group>";
		};
		5A163FA5172930BD00F95EB7 /* Frameworks */ = {
			isa = PBXGroup;
			children = (
				5A163FA6172930BD00F95EB7 /* Foundation.framework */,
			);
			name = Frameworks;
			sourceTree = "<group>";
		};
		5AA1F96F188E69E300EA534C /* engineHeader */ = {
			isa = PBXGroup;
			children = (
				5AA1F971188E69E300EA534C /* EUExBaseDefine.h */,
				5AA1F972188E69E300EA534C /* EUtility.h */,
			);
			name = engineHeader;
			path = EUExCoverFlow2/engineHeader;
			sourceTree = "<group>";
		};
		5AA1F975188E69E300EA534C /* soureCode */ = {
			isa = PBXGroup;
			children = (
				2122BDFF1DC9861A0012213B /* iCarousel.framework */,
				21682E4A1D4B53300008BEBF /* AppCanKit.framework */,
				2189535D1D4EEE9100C69839 /* iCarouselCoverFlow.h */,
				2189535E1D4EEE9100C69839 /* iCarouselCoverFlow.m */,
				5AA1F983188E69E300EA534C /* SDWebImage */,
			);
			name = soureCode;
			path = EUExCoverFlow2/soureCode;
			sourceTree = "<group>";
		};
		5AA1F983188E69E300EA534C /* SDWebImage */ = {
			isa = PBXGroup;
			children = (
				5AA1F986188E69E300EA534C /* SDImageCache.h */,
				5AA1F987188E69E300EA534C /* SDImageCacheDelegate.h */,
				5AA1F988188E69E300EA534C /* SDWebImageCompat.h */,
				5AA1F989188E69E300EA534C /* SDWebImageDecoder.h */,
				5AA1F98A188E69E300EA534C /* SDWebImageDownloader.h */,
				5AA1F98B188E69E300EA534C /* SDWebImageDownloaderDelegate.h */,
				5AA1F98C188E69E300EA534C /* SDWebImageManager.h */,
				5AA1F98D188E69E300EA534C /* SDWebImageManagerDelegate.h */,
				5AA1F98E188E69E300EA534C /* SDWebImagePrefetcher.h */,
				5AA1F98F188E69E300EA534C /* UIButton+WebCache.h */,
				5AA1F990188E69E300EA534C /* UIImageView+WebCache.h */,
			);
			path = SDWebImage;
			sourceTree = "<group>";
		};
/* End PBXGroup section */

/* Begin PBXNativeTarget section */
		5A163FA2172930BD00F95EB7 /* EUExCoverFlow2 */ = {
			isa = PBXNativeTarget;
			buildConfigurationList = 5A163FB1172930BD00F95EB7 /* Build configuration list for PBXNativeTarget "EUExCoverFlow2" */;
			buildPhases = (
				5A163F9F172930BD00F95EB7 /* Sources */,
				5A163FA0172930BD00F95EB7 /* Frameworks */,
				5A163FA1172930BD00F95EB7 /* CopyFiles */,
			);
			buildRules = (
			);
			dependencies = (
			);
			name = EUExCoverFlow2;
			productName = EUExCoverFlow;
			productReference = 5A163FA3172930BD00F95EB7 /* libuexCoverFlow2.a */;
			productType = "com.apple.product-type.library.static";
		};
/* End PBXNativeTarget section */

/* Begin PBXProject section */
		5A163F9A172930BD00F95EB7 /* Project object */ = {
			isa = PBXProject;
			attributes = {
				LastUpgradeCheck = 0450;
				ORGANIZATIONNAME = xll;
			};
			buildConfigurationList = 5A163F9D172930BD00F95EB7 /* Build configuration list for PBXProject "EUExCoverFlow2" */;
			compatibilityVersion = "Xcode 3.2";
			developmentRegion = English;
			hasScannedForEncodings = 0;
			knownRegions = (
				en,
			);
			mainGroup = 5A163F98172930BD00F95EB7;
			productRefGroup = 5A163FA4172930BD00F95EB7 /* Products */;
			projectDirPath = "";
			projectRoot = "";
			targets = (
				5A163FA2172930BD00F95EB7 /* EUExCoverFlow2 */,
			);
		};
/* End PBXProject section */

/* Begin PBXSourcesBuildPhase section */
		5A163F9F172930BD00F95EB7 /* Sources */ = {
			isa = PBXSourcesBuildPhase;
			buildActionMask = 2147483647;
			files = (
				5AA1F995188E69E300EA534C /* EUExCoverFlow2.m in Sources */,
				2189535F1D4EEE9100C69839 /* iCarouselCoverFlow.m in Sources */,
			);
			runOnlyForDeploymentPostprocessing = 0;
		};
/* End PBXSourcesBuildPhase section */

/* Begin XCBuildConfiguration section */
		5A163FAF172930BD00F95EB7 /* Debug */ = {
			isa = XCBuildConfiguration;
			buildSettings = {
				ALWAYS_SEARCH_USER_PATHS = NO;
				CLANG_CXX_LANGUAGE_STANDARD = "gnu++0x";
				CLANG_CXX_LIBRARY = "libc++";
				CLANG_WARN_EMPTY_BODY = YES;
				CLANG_WARN__DUPLICATE_METHOD_MATCH = YES;
				COPY_PHASE_STRIP = NO;
				GCC_C_LANGUAGE_STANDARD = gnu99;
				GCC_DYNAMIC_NO_PIC = NO;
				GCC_OPTIMIZATION_LEVEL = 0;
				GCC_PREPROCESSOR_DEFINITIONS = (
					"DEBUG=1",
					"$(inherited)",
				);
				GCC_SYMBOLS_PRIVATE_EXTERN = NO;
				GCC_WARN_ABOUT_RETURN_TYPE = YES;
				GCC_WARN_UNINITIALIZED_AUTOS = YES;
				GCC_WARN_UNUSED_VARIABLE = YES;
				IPHONEOS_DEPLOYMENT_TARGET = 4.3;
				ONLY_ACTIVE_ARCH = NO;
				SDKROOT = iphoneos;
			};
			name = Debug;
		};
		5A163FB0172930BD00F95EB7 /* Release */ = {
			isa = XCBuildConfiguration;
			buildSettings = {
				ALWAYS_SEARCH_USER_PATHS = NO;
				CLANG_CXX_LANGUAGE_STANDARD = "gnu++0x";
				CLANG_CXX_LIBRARY = "libc++";
				CLANG_WARN_EMPTY_BODY = YES;
				CLANG_WARN__DUPLICATE_METHOD_MATCH = YES;
				COPY_PHASE_STRIP = YES;
				GCC_C_LANGUAGE_STANDARD = gnu99;
				GCC_WARN_ABOUT_RETURN_TYPE = YES;
				GCC_WARN_UNINITIALIZED_AUTOS = YES;
				GCC_WARN_UNUSED_VARIABLE = YES;
				IPHONEOS_DEPLOYMENT_TARGET = 4.3;
				ONLY_ACTIVE_ARCH = NO;
				SDKROOT = iphoneos;
				VALIDATE_PRODUCT = YES;
			};
			name = Release;
		};
		5A163FB2172930BD00F95EB7 /* Debug */ = {
			isa = XCBuildConfiguration;
			buildSettings = {
				CLANG_ENABLE_OBJC_ARC = YES;
				CONFIGURATION_BUILD_DIR = "$(SRCROOT)/uexCoverFlow2/";
				DSTROOT = /tmp/EUExCoverFlow2.dst;
				FRAMEWORK_SEARCH_PATHS = (
					"$(inherited)",
					"$(PROJECT_DIR)/EUExCoverFlow2/soureCode",
				);
				GCC_PRECOMPILE_PREFIX_HEADER = YES;
				GCC_PREFIX_HEADER = "EUExCoverFlow2/EUExCoverFlow2-Prefix.pch";
				ONLY_ACTIVE_ARCH = NO;
				OTHER_LDFLAGS = "-ObjC";
				PRODUCT_NAME = uexCoverFlow2;
				SKIP_INSTALL = YES;
			};
			name = Debug;
		};
		5A163FB3172930BD00F95EB7 /* Release */ = {
			isa = XCBuildConfiguration;
			buildSettings = {
				CLANG_ENABLE_OBJC_ARC = YES;
				CONFIGURATION_BUILD_DIR = "$(SRCROOT)/uexCoverFlow2/";
				DSTROOT = /tmp/EUExCoverFlow2.dst;
				FRAMEWORK_SEARCH_PATHS = (
					"$(inherited)",
					"$(PROJECT_DIR)/EUExCoverFlow2/soureCode",
				);
				GCC_PRECOMPILE_PREFIX_HEADER = YES;
				GCC_PREFIX_HEADER = "EUExCoverFlow2/EUExCoverFlow2-Prefix.pch";
				ONLY_ACTIVE_ARCH = NO;
				OTHER_LDFLAGS = "-ObjC";
				PRODUCT_NAME = uexCoverFlow2;
				SKIP_INSTALL = YES;
			};
			name = Release;
		};
/* End XCBuildConfiguration section */

/* Begin XCConfigurationList section */
		5A163F9D172930BD00F95EB7 /* Build configuration list for PBXProject "EUExCoverFlow2" */ = {
			isa = XCConfigurationList;
			buildConfigurations = (
				5A163FAF172930BD00F95EB7 /* Debug */,
				5A163FB0172930BD00F95EB7 /* Release */,
			);
			defaultConfigurationIsVisible = 0;
			defaultConfigurationName = Release;
		};
		5A163FB1172930BD00F95EB7 /* Build configuration list for PBXNativeTarget "EUExCoverFlow2" */ = {
			isa = XCConfigurationList;
			buildConfigurations = (
				5A163FB2172930BD00F95EB7 /* Debug */,
				5A163FB3172930BD00F95EB7 /* Release */,
			);
			defaultConfigurationIsVisible = 0;
			defaultConfigurationName = Release;
		};
/* End XCConfigurationList section */
	};
	rootObject = 5A163F9A172930BD00F95EB7 /* Project object */;
}
