<?xml version="1.0" encoding="UTF-8"?>
<!DOCTYPE plist PUBLIC "-//Apple//DTD PLIST 1.0//EN" "http://www.apple.com/DTDs/PropertyList-1.0.dtd">
<plist version="1.0">
<dict>
	<key>archiveVersion</key>
	<string>1</string>
	<key>classes</key>
	<dict/>
	<key>objectVersion</key>
	<string>46</string>
	<key>objects</key>
	<dict>
		<key>0643FE1C459BB746C26DE329</key>
		<dict>
			<key>fileRef</key>
			<string>2D72E7133FC3DB919DEE0BCD</string>
			<key>isa</key>
			<string>PBXBuildFile</string>
		</dict>
		<key>090D872DE0560A1C5F7B618D</key>
		<dict>
			<key>children</key>
			<array>
				<string>E1CD9C719D9DE0B7D841C599</string>
				<string>F486F0A1E7FB09AD9CB453EA</string>
				<string>48F6B36B15B8BEB9894781F6</string>
				<string>C40E45B7C565C22D0ECCDE6A</string>
				<string>46CF42EAD86EEB6021B3D215</string>
				<string>29079E63F6B1BE60E94B3A74</string>
				<string>DC6B95463653F3D5B657EAE4</string>
				<string>85549A05249A0CA5EDC237A1</string>
				<string>4F2946CC99B487445ACD1485</string>
				<string>2D72E7133FC3DB919DEE0BCD</string>
				<string>43815AAA29E3D2CB1CB437EC</string>
				<string>1F2837F8C11FE3AC7DA6E97F</string>
				<string>84A033D4D13E5B90480820E6</string>
			</array>
			<key>isa</key>
			<string>PBXGroup</string>
			<key>path</key>
			<string>IDE-Frameworks</string>
			<key>sourceTree</key>
			<string>&lt;group&gt;</string>
		</dict>
		<key>1F2837F8C11FE3AC7DA6E97F</key>
		<dict>
			<key>fileEncoding</key>
			<string>4</string>
			<key>isa</key>
			<string>PBXFileReference</string>
			<key>lastKnownFileType</key>
			<string>archive.ar</string>
			<key>name</key>
			<string>libsqlite3.tbd</string>
			<key>path</key>
			<string>usr/lib/libsqlite3.tbd</string>
			<key>sourceTree</key>
			<string>SDKROOT</string>
		</dict>
		<key>21682E4B1D4B53300008BEBF</key>
		<dict>
			<key>fileRef</key>
			<string>21682E4A1D4B53300008BEBF</string>
			<key>isa</key>
			<string>PBXBuildFile</string>
		</dict>
		<key>2189535A1D4EED9A00C69839</key>
		<dict>
			<key>fileEncoding</key>
			<string>4</string>
			<key>isa</key>
			<string>PBXFileReference</string>
			<key>lastKnownFileType</key>
			<string>sourcecode.c.h</string>
			<key>path</key>
			<string>iCarousel.h</string>
			<key>sourceTree</key>
			<string>&lt;group&gt;</string>
		</dict>
		<key>2189535B1D4EEDA100C69839</key>
		<dict>
			<key>fileEncoding</key>
			<string>4</string>
			<key>isa</key>
			<string>PBXFileReference</string>
			<key>lastKnownFileType</key>
			<string>sourcecode.c.objc</string>
			<key>path</key>
			<string>iCarousel.m</string>
			<key>sourceTree</key>
			<string>&lt;group&gt;</string>
		</dict>
		<key>2189535C1D4EEDA100C69839</key>
		<dict>
			<key>fileRef</key>
			<string>2189535B1D4EEDA100C69839</string>
			<key>isa</key>
			<string>PBXBuildFile</string>
		</dict>
		<key>2189535D1D4EEE9100C69839</key>
		<dict>
			<key>fileEncoding</key>
			<string>4</string>
			<key>isa</key>
			<string>PBXFileReference</string>
			<key>lastKnownFileType</key>
			<string>sourcecode.c.h</string>
			<key>path</key>
			<string>iCarouselCoverFlow.h</string>
			<key>sourceTree</key>
			<string>&lt;group&gt;</string>
		</dict>
		<key>2189535E1D4EEE9100C69839</key>
		<dict>
			<key>fileEncoding</key>
			<string>4</string>
			<key>isa</key>
			<string>PBXFileReference</string>
			<key>lastKnownFileType</key>
			<string>sourcecode.c.objc</string>
			<key>path</key>
			<string>iCarouselCoverFlow.m</string>
			<key>sourceTree</key>
			<string>&lt;group&gt;</string>
		</dict>
		<key>2189535F1D4EEE9100C69839</key>
		<dict>
			<key>fileRef</key>
			<string>2189535E1D4EEE9100C69839</string>
			<key>isa</key>
			<string>PBXBuildFile</string>
		</dict>
		<key>264B7F5CCA23511EF3103973</key>
		<dict>
			<key>fileRef</key>
			<string>DC6B95463653F3D5B657EAE4</string>
			<key>isa</key>
			<string>PBXBuildFile</string>
		</dict>
		<key>28873BF19ED394A092D2BC90</key>
		<dict>
			<key>fileRef</key>
			<string>4C6FA2094BA9F739077F0EBE</string>
			<key>isa</key>
			<string>PBXBuildFile</string>
		</dict>
		<key>29079E63F6B1BE60E94B3A74</key>
		<dict>
			<key>fileEncoding</key>
			<string>4</string>
			<key>isa</key>
			<string>PBXFileReference</string>
			<key>lastKnownFileType</key>
			<string>wrapper.framework</string>
			<key>name</key>
			<string>MobileCoreServices.framework</string>
			<key>path</key>
			<string>System/Library/Frameworks/MobileCoreServices.framework</string>
			<key>sourceTree</key>
			<string>SDKROOT</string>
		</dict>
		<key>2D72E7133FC3DB919DEE0BCD</key>
		<dict>
			<key>fileEncoding</key>
			<string>4</string>
			<key>isa</key>
			<string>PBXFileReference</string>
			<key>lastKnownFileType</key>
			<string>archive.ar</string>
			<key>name</key>
			<string>libc++.tbd</string>
			<key>path</key>
			<string>usr/lib/libc++.tbd</string>
			<key>sourceTree</key>
			<string>SDKROOT</string>
		</dict>
		<key>37536CCC64881F196A8BC611</key>
		<dict>
			<key>fileRef</key>
			<string>84A033D4D13E5B90480820E6</string>
			<key>isa</key>
			<string>PBXBuildFile</string>
		</dict>
		<key>4258084A8DD0E0D9B4AD7944</key>
		<dict>
			<key>fileRef</key>
			<string>E1CD9C719D9DE0B7D841C599</string>
			<key>isa</key>
			<string>PBXBuildFile</string>
		</dict>
		<key>43815AAA29E3D2CB1CB437EC</key>
		<dict>
			<key>fileEncoding</key>
			<string>4</string>
			<key>isa</key>
			<string>PBXFileReference</string>
			<key>lastKnownFileType</key>
			<string>archive.ar</string>
			<key>name</key>
			<string>libstdc++.tbd</string>
			<key>path</key>
			<string>usr/lib/libstdc++.tbd</string>
			<key>sourceTree</key>
			<string>SDKROOT</string>
		</dict>
		<key>46CF42EAD86EEB6021B3D215</key>
		<dict>
			<key>fileEncoding</key>
			<string>4</string>
			<key>isa</key>
			<string>PBXFileReference</string>
			<key>lastKnownFileType</key>
			<string>wrapper.framework</string>
			<key>name</key>
			<string>CFNetWork.framework</string>
			<key>path</key>
			<string>System/Library/Frameworks/CFNetWork.framework</string>
			<key>sourceTree</key>
			<string>SDKROOT</string>
		</dict>
		<key>48F6B36B15B8BEB9894781F6</key>
		<dict>
			<key>fileEncoding</key>
			<string>4</string>
			<key>isa</key>
			<string>PBXFileReference</string>
			<key>lastKnownFileType</key>
			<string>wrapper.framework</string>
			<key>name</key>
			<string>SystemConfiguration.framework</string>
			<key>path</key>
			<string>System/Library/Frameworks/SystemConfiguration.framework</string>
			<key>sourceTree</key>
			<string>SDKROOT</string>
		</dict>
		<key>4C6FA2094BA9F739077F0EBE</key>
		<dict>
			<key>fileEncoding</key>
			<string>4</string>
			<key>isa</key>
			<string>PBXFileReference</string>
			<key>lastKnownFileType</key>
			<string>wrapper.framework</string>
			<key>name</key>
			<string>AppCanEngine.framework</string>
			<key>path</key>
			<string>../../../AppCanPluginTools-iOS/resource/IDEPluginProjectPackageResource/AppCanEngine.framework</string>
			<key>sourceTree</key>
			<string>&lt;group&gt;</string>
		</dict>
		<key>4D75BEB9AFF71D437917B1D9</key>
		<dict>
			<key>fileRef</key>
			<string>F486F0A1E7FB09AD9CB453EA</string>
			<key>isa</key>
			<string>PBXBuildFile</string>
		</dict>
		<key>4F2946CC99B487445ACD1485</key>
		<dict>
			<key>fileEncoding</key>
			<string>4</string>
			<key>isa</key>
			<string>PBXFileReference</string>
			<key>lastKnownFileType</key>
			<string>wrapper.framework</string>
			<key>name</key>
			<string>QuartzCore.framework</string>
			<key>path</key>
			<string>System/Library/Frameworks/QuartzCore.framework</string>
			<key>sourceTree</key>
			<string>SDKROOT</string>
		</dict>
		<key>5A163F98172930BD00F95EB7</key>
		<dict>
			<key>children</key>
			<array>
				<string>5AA1F96F188E69E300EA534C</string>
				<string>5AA1F973188E69E300EA534C</string>
				<string>5AA1F974188E69E300EA534C</string>
				<string>5AA1F975188E69E300EA534C</string>
				<string>5A1640811729363800F95EB7</string>
				<string>5A163FA5172930BD00F95EB7</string>
				<string>090D872DE0560A1C5F7B618D</string>
				<string>E2D9B147CF7FD0B557A3E76A</string>
				<string>5A163FA4172930BD00F95EB7</string>
			</array>
			<key>isa</key>
			<string>PBXGroup</string>
			<key>sourceTree</key>
			<string>&lt;group&gt;</string>
		</dict>
		<key>5A163F9A172930BD00F95EB7</key>
		<dict>
			<key>attributes</key>
			<dict>
				<key>LastUpgradeCheck</key>
				<string>0450</string>
				<key>ORGANIZATIONNAME</key>
				<string>xll</string>
			</dict>
			<key>buildConfigurationList</key>
			<string>5A163F9D172930BD00F95EB7</string>
			<key>compatibilityVersion</key>
			<string>Xcode 3.2</string>
			<key>developmentRegion</key>
			<string>English</string>
			<key>hasScannedForEncodings</key>
			<string>0</string>
			<key>isa</key>
			<string>PBXProject</string>
			<key>knownRegions</key>
			<array>
				<string>en</string>
			</array>
			<key>mainGroup</key>
			<string>5A163F98172930BD00F95EB7</string>
			<key>productRefGroup</key>
			<string>5A163FA4172930BD00F95EB7</string>
			<key>projectDirPath</key>
			<string></string>
			<key>projectRoot</key>
			<string></string>
			<key>targets</key>
			<array>
				<string>5A163FA2172930BD00F95EB7</string>
			</array>
		</dict>
		<key>5A163F9D172930BD00F95EB7</key>
		<dict>
			<key>buildConfigurations</key>
			<array>
				<string>5A163FAF172930BD00F95EB7</string>
				<string>5A163FB0172930BD00F95EB7</string>
			</array>
			<key>defaultConfigurationIsVisible</key>
			<string>0</string>
			<key>defaultConfigurationName</key>
			<string>Release</string>
			<key>isa</key>
			<string>XCConfigurationList</string>
		</dict>
		<key>5A163F9F172930BD00F95EB7</key>
		<dict>
			<key>buildActionMask</key>
			<string>2147483647</string>
			<key>files</key>
			<array>
				<string>2189535C1D4EEDA100C69839</string>
				<string>5AA1F995188E69E300EA534C</string>
				<string>2189535F1D4EEE9100C69839</string>
			</array>
			<key>isa</key>
			<string>PBXSourcesBuildPhase</string>
			<key>runOnlyForDeploymentPostprocessing</key>
			<string>0</string>
		</dict>
		<key>5A163FA0172930BD00F95EB7</key>
		<dict>
			<key>buildActionMask</key>
			<string>2147483647</string>
			<key>files</key>
			<array>
				<string>5A163FA7172930BD00F95EB7</string>
				<string>4258084A8DD0E0D9B4AD7944</string>
				<string>4D75BEB9AFF71D437917B1D9</string>
				<string>9C3ADA18BD46FF15BF92D1EA</string>
				<string>BF67D1C1CA742E4B0C9A780C</string>
				<string>F6D4C0E1E7DA1A8A08D2501C</string>
				<string>D4D7D30DC064FA23317C6B9F</string>
				<string>264B7F5CCA23511EF3103973</string>
				<string>F784611BEF03DC2AB0D3E98D</string>
				<string>8C64934832D9313E46D67159</string>
				<string>0643FE1C459BB746C26DE329</string>
				<string>DA3980D9182EEFFEF6CE8FE4</string>
				<string>ECE3CB094F0EF72F68C4ECC2</string>
				<string>37536CCC64881F196A8BC611</string>
				<string>28873BF19ED394A092D2BC90</string>
			</array>
			<key>isa</key>
			<string>PBXFrameworksBuildPhase</string>
			<key>runOnlyForDeploymentPostprocessing</key>
			<string>0</string>
		</dict>
		<key>5A163FA1172930BD00F95EB7</key>
		<dict>
			<key>buildActionMask</key>
			<string>2147483647</string>
			<key>dstPath</key>
			<string>include/${PRODUCT_NAME}</string>
			<key>dstSubfolderSpec</key>
			<string>16</string>
			<key>files</key>
			<array/>
			<key>isa</key>
			<string>PBXCopyFilesBuildPhase</string>
			<key>runOnlyForDeploymentPostprocessing</key>
			<string>0</string>
		</dict>
		<key>5A163FA2172930BD00F95EB7</key>
		<dict>
			<key>buildConfigurationList</key>
			<string>5A163FB1172930BD00F95EB7</string>
			<key>buildPhases</key>
			<array>
				<string>5A163F9F172930BD00F95EB7</string>
				<string>5A163FA0172930BD00F95EB7</string>
			</array>
			<key>buildRules</key>
			<array/>
			<key>dependencies</key>
			<array/>
			<key>isa</key>
			<string>PBXNativeTarget</string>
			<key>name</key>
			<string>EUExCoverFlow2</string>
			<key>productName</key>
			<string>EUExCoverFlow</string>
			<key>productReference</key>
			<string>5A163FA3172930BD00F95EB7</string>
			<key>productType</key>
			<string>com.apple.product-type.framework</string>
		</dict>
		<key>5A163FA3172930BD00F95EB7</key>
		<dict>
			<key>explicitFileType</key>
			<string>archive.ar</string>
			<key>includeInIndex</key>
			<string>0</string>
			<key>isa</key>
			<string>PBXFileReference</string>
			<key>name</key>
			<string>uexCoverFlow2.framework</string>
			<key>path</key>
			<string>uexCoverFlow2.framework</string>
			<key>sourceTree</key>
			<string>BUILT_PRODUCTS_DIR</string>
		</dict>
		<key>5A163FA4172930BD00F95EB7</key>
		<dict>
			<key>children</key>
			<array>
				<string>5A163FA3172930BD00F95EB7</string>
			</array>
			<key>isa</key>
			<string>PBXGroup</string>
			<key>name</key>
			<string>Products</string>
			<key>sourceTree</key>
			<string>&lt;group&gt;</string>
		</dict>
		<key>5A163FA5172930BD00F95EB7</key>
		<dict>
			<key>children</key>
			<array>
				<string>5A163FA6172930BD00F95EB7</string>
			</array>
			<key>isa</key>
			<string>PBXGroup</string>
			<key>name</key>
			<string>Frameworks</string>
			<key>sourceTree</key>
			<string>&lt;group&gt;</string>
		</dict>
		<key>5A163FA6172930BD00F95EB7</key>
		<dict>
			<key>isa</key>
			<string>PBXFileReference</string>
			<key>lastKnownFileType</key>
			<string>wrapper.framework</string>
			<key>name</key>
			<string>Foundation.framework</string>
			<key>path</key>
			<string>System/Library/Frameworks/Foundation.framework</string>
			<key>sourceTree</key>
			<string>SDKROOT</string>
		</dict>
		<key>5A163FA7172930BD00F95EB7</key>
		<dict>
			<key>fileRef</key>
			<string>5A163FA6172930BD00F95EB7</string>
			<key>isa</key>
			<string>PBXBuildFile</string>
		</dict>
		<key>5A163FAF172930BD00F95EB7</key>
		<dict>
			<key>buildSettings</key>
			<dict>
				<key>ALWAYS_SEARCH_USER_PATHS</key>
				<string>NO</string>
				<key>CLANG_CXX_LANGUAGE_STANDARD</key>
				<string>gnu++0x</string>
				<key>CLANG_CXX_LIBRARY</key>
				<string>libc++</string>
				<key>CLANG_WARN_EMPTY_BODY</key>
				<string>YES</string>
				<key>CLANG_WARN__DUPLICATE_METHOD_MATCH</key>
				<string>YES</string>
				<key>COPY_PHASE_STRIP</key>
				<string>NO</string>
				<key>DEBUG_INFORMATION_FORMAT</key>
				<string>dwarf</string>
				<key>GCC_C_LANGUAGE_STANDARD</key>
				<string>gnu99</string>
				<key>GCC_DYNAMIC_NO_PIC</key>
				<string>NO</string>
				<key>GCC_OPTIMIZATION_LEVEL</key>
				<string>0</string>
				<key>GCC_PREPROCESSOR_DEFINITIONS</key>
				<array>
					<string>DEBUG=1</string>
					<string>$(inherited)</string>
				</array>
				<key>GCC_SYMBOLS_PRIVATE_EXTERN</key>
				<string>NO</string>
				<key>GCC_WARN_ABOUT_RETURN_TYPE</key>
				<string>YES</string>
				<key>GCC_WARN_UNINITIALIZED_AUTOS</key>
				<string>YES</string>
				<key>GCC_WARN_UNUSED_VARIABLE</key>
				<string>YES</string>
				<key>IPHONEOS_DEPLOYMENT_TARGET</key>
				<string>8.0</string>
				<key>ONLY_ACTIVE_ARCH</key>
				<string>NO</string>
				<key>SDKROOT</key>
				<string>iphoneos</string>
				<key>TARGETED_DEVICE_FAMILY</key>
				<string>1,2</string>
			</dict>
			<key>isa</key>
			<string>XCBuildConfiguration</string>
			<key>name</key>
			<string>Debug</string>
		</dict>
		<key>5A163FB0172930BD00F95EB7</key>
		<dict>
			<key>buildSettings</key>
			<dict>
				<key>ALWAYS_SEARCH_USER_PATHS</key>
				<string>NO</string>
				<key>CLANG_CXX_LANGUAGE_STANDARD</key>
				<string>gnu++0x</string>
				<key>CLANG_CXX_LIBRARY</key>
				<string>libc++</string>
				<key>CLANG_WARN_EMPTY_BODY</key>
				<string>YES</string>
				<key>CLANG_WARN__DUPLICATE_METHOD_MATCH</key>
				<string>YES</string>
				<key>COPY_PHASE_STRIP</key>
				<string>YES</string>
				<key>DEBUG_INFORMATION_FORMAT</key>
				<string>dwarf</string>
				<key>GCC_C_LANGUAGE_STANDARD</key>
				<string>gnu99</string>
				<key>GCC_WARN_ABOUT_RETURN_TYPE</key>
				<string>YES</string>
				<key>GCC_WARN_UNINITIALIZED_AUTOS</key>
				<string>YES</string>
				<key>GCC_WARN_UNUSED_VARIABLE</key>
				<string>YES</string>
				<key>IPHONEOS_DEPLOYMENT_TARGET</key>
				<string>8.0</string>
				<key>ONLY_ACTIVE_ARCH</key>
				<string>NO</string>
				<key>SDKROOT</key>
				<string>iphoneos</string>
				<key>TARGETED_DEVICE_FAMILY</key>
				<string>1,2</string>
				<key>VALIDATE_PRODUCT</key>
				<string>YES</string>
			</dict>
			<key>isa</key>
			<string>XCBuildConfiguration</string>
			<key>name</key>
			<string>Release</string>
		</dict>
		<key>5A163FB1172930BD00F95EB7</key>
		<dict>
			<key>buildConfigurations</key>
			<array>
				<string>5A163FB2172930BD00F95EB7</string>
				<string>5A163FB3172930BD00F95EB7</string>
			</array>
			<key>defaultConfigurationIsVisible</key>
			<string>0</string>
			<key>defaultConfigurationName</key>
			<string>Release</string>
			<key>isa</key>
			<string>XCConfigurationList</string>
		</dict>
		<key>5A163FB2172930BD00F95EB7</key>
		<dict>
			<key>buildSettings</key>
			<dict>
				<key>BUNDLE_IDENTIFIER</key>
				<string>com.zywx.runner</string>
				<key>CLANG_ENABLE_OBJC_ARC</key>
				<string>YES</string>
				<key>CONFIGURATION_BUILD_DIR</key>
				<string>$(SRCROOT)/uexCoverFlow2/IDE/</string>
				<key>DEBUG_INFORMATION_FORMAT</key>
				<string>dwarf</string>
				<key>DEFINES_MODULE</key>
				<string>YES</string>
				<key>DSTROOT</key>
				<string>/tmp/EUExCoverFlow2.dst</string>
				<key>DYLIB_COMPATIBILITY_VERSION</key>
				<string>1</string>
				<key>DYLIB_CURRENT_VERSION</key>
				<string>1</string>
				<key>DYLIB_INSTALL_NAME_BASE</key>
				<string>@rpath</string>
				<key>ENABLE_BITCODE</key>
				<string>NO</string>
				<key>FRAMEWORK_SEARCH_PATHS</key>
				<array>
					<string>$(inherited)</string>
					<string>$(PROJECT_DIR)/EUExCoverFlow2/soureCode</string>
					<string>$(PROJECT_DIR)</string>
					<string>$(SRCROOT)/../../AppCanPluginTools-iOS/resource/IDEPluginProjectPackageResource</string>
				</array>
				<key>GCC_PRECOMPILE_PREFIX_HEADER</key>
				<string>YES</string>
				<key>GCC_PREFIX_HEADER</key>
				<string>EUExCoverFlow2/EUExCoverFlow2-Prefix.pch</string>
				<key>HEADER_SEARCH_PATHS</key>
				<array>
					<string>$(SRCROOT)/../../AppCanPluginTools-iOS/resource/IDEPluginProjectPackageResource</string>
				</array>
				<key>INFOPLIST_FILE</key>
				<string>$(SRCROOT)/../../AppCanPluginTools-iOS/resource/IDEPluginProjectPackageResource/info.plist</string>
				<key>INSTALL_PATH</key>
				<string>$(LOCAL_LIBRARY_DIR)/Frameworks</string>
				<key>IPHONEOS_DEPLOYMENT_TARGET</key>
				<string>8.0</string>
				<key>LD_RUNPATH_SEARCH_PATHS</key>
				<array>
					<string>$(inherited)</string>
					<string>@executable_path/Frameworks</string>
					<string>@executable_path</string>
					<string>@loader_path/Frameworks</string>
					<string>@loader_path</string>
				</array>
				<key>LIBRARY_SEARCH_PATHS</key>
				<array>
					<string>$(inherited)</string>
					<string>$(SRCROOT)/../../AppCanPluginTools-iOS/resource/IDEPluginProjectPackageResource</string>
				</array>
				<key>ONLY_ACTIVE_ARCH</key>
				<string>NO</string>
				<key>OTHER_LDFLAGS</key>
				<array>
					<string>-ObjC</string>
					<string>$(SRCROOT)/../../AppCanPluginTools-iOS/resource/IDEPluginProjectPackageResource/AppCanKit.framework/AppCanKit</string>
				</array>
				<key>PRODUCT_NAME</key>
				<string>uexCoverFlow2</string>
				<key>PROVISIONING_PROFILE</key>
				<string>3046553f-5c0d-4f94-8f3c-dd49ce267880</string>
				<key>SKIP_INSTALL</key>
				<string>YES</string>
			</dict>
			<key>isa</key>
			<string>XCBuildConfiguration</string>
			<key>name</key>
			<string>Debug</string>
		</dict>
		<key>5A163FB3172930BD00F95EB7</key>
		<dict>
			<key>buildSettings</key>
			<dict>
				<key>BUNDLE_IDENTIFIER</key>
				<string>com.zywx.runner</string>
				<key>CLANG_ENABLE_OBJC_ARC</key>
				<string>YES</string>
				<key>CONFIGURATION_BUILD_DIR</key>
				<string>$(SRCROOT)/uexCoverFlow2/IDE/</string>
				<key>DEBUG_INFORMATION_FORMAT</key>
				<string>dwarf</string>
				<key>DEFINES_MODULE</key>
				<string>YES</string>
				<key>DSTROOT</key>
				<string>/tmp/EUExCoverFlow2.dst</string>
				<key>DYLIB_COMPATIBILITY_VERSION</key>
				<string>1</string>
				<key>DYLIB_CURRENT_VERSION</key>
				<string>1</string>
				<key>DYLIB_INSTALL_NAME_BASE</key>
				<string>@rpath</string>
				<key>ENABLE_BITCODE</key>
				<string>NO</string>
				<key>FRAMEWORK_SEARCH_PATHS</key>
				<array>
					<string>$(inherited)</string>
					<string>$(PROJECT_DIR)/EUExCoverFlow2/soureCode</string>
					<string>$(PROJECT_DIR)</string>
					<string>$(SRCROOT)/../../AppCanPluginTools-iOS/resource/IDEPluginProjectPackageResource</string>
				</array>
				<key>GCC_PRECOMPILE_PREFIX_HEADER</key>
				<string>YES</string>
				<key>GCC_PREFIX_HEADER</key>
				<string>EUExCoverFlow2/EUExCoverFlow2-Prefix.pch</string>
				<key>HEADER_SEARCH_PATHS</key>
				<array>
					<string>$(SRCROOT)/../../AppCanPluginTools-iOS/resource/IDEPluginProjectPackageResource</string>
				</array>
				<key>INFOPLIST_FILE</key>
				<string>$(SRCROOT)/../../AppCanPluginTools-iOS/resource/IDEPluginProjectPackageResource/info.plist</string>
				<key>INSTALL_PATH</key>
				<string>$(LOCAL_LIBRARY_DIR)/Frameworks</string>
				<key>IPHONEOS_DEPLOYMENT_TARGET</key>
				<string>8.0</string>
				<key>LD_RUNPATH_SEARCH_PATHS</key>
				<array>
					<string>$(inherited)</string>
					<string>@executable_path/Frameworks</string>
					<string>@executable_path</string>
					<string>@loader_path/Frameworks</string>
					<string>@loader_path</string>
				</array>
				<key>LIBRARY_SEARCH_PATHS</key>
				<array>
					<string>$(inherited)</string>
					<string>$(SRCROOT)/../../AppCanPluginTools-iOS/resource/IDEPluginProjectPackageResource</string>
				</array>
				<key>ONLY_ACTIVE_ARCH</key>
				<string>NO</string>
				<key>OTHER_LDFLAGS</key>
				<array>
					<string>-ObjC</string>
					<string>$(SRCROOT)/../../AppCanPluginTools-iOS/resource/IDEPluginProjectPackageResource/AppCanKit.framework/AppCanKit</string>
				</array>
				<key>PRODUCT_NAME</key>
				<string>uexCoverFlow2</string>
				<key>PROVISIONING_PROFILE</key>
				<string>3046553f-5c0d-4f94-8f3c-dd49ce267880</string>
				<key>SKIP_INSTALL</key>
				<string>YES</string>
			</dict>
			<key>isa</key>
			<string>XCBuildConfiguration</string>
			<key>name</key>
			<string>Release</string>
		</dict>
		<key>5A1640811729363800F95EB7</key>
		<dict>
			<key>fileEncoding</key>
			<string>4</string>
			<key>isa</key>
			<string>PBXFileReference</string>
			<key>lastKnownFileType</key>
			<string>sourcecode.c.h</string>
			<key>name</key>
			<string>EUExCoverFlow2-Prefix.pch</string>
			<key>path</key>
			<string>EUExCoverFlow2/EUExCoverFlow2-Prefix.pch</string>
			<key>sourceTree</key>
			<string>&lt;group&gt;</string>
		</dict>
		<key>5AA1F96F188E69E300EA534C</key>
		<dict>
			<key>children</key>
			<array>
				<string>5AA1F971188E69E300EA534C</string>
				<string>5AA1F972188E69E300EA534C</string>
			</array>
			<key>isa</key>
			<string>PBXGroup</string>
			<key>name</key>
			<string>engineHeader</string>
			<key>path</key>
			<string>EUExCoverFlow2/engineHeader</string>
			<key>sourceTree</key>
			<string>&lt;group&gt;</string>
		</dict>
		<key>5AA1F971188E69E300EA534C</key>
		<dict>
			<key>fileEncoding</key>
			<string>4</string>
			<key>isa</key>
			<string>PBXFileReference</string>
			<key>lastKnownFileType</key>
			<string>sourcecode.c.h</string>
			<key>path</key>
			<string>EUExBaseDefine.h</string>
			<key>sourceTree</key>
			<string>&lt;group&gt;</string>
		</dict>
		<key>5AA1F972188E69E300EA534C</key>
		<dict>
			<key>fileEncoding</key>
			<string>4</string>
			<key>isa</key>
			<string>PBXFileReference</string>
			<key>lastKnownFileType</key>
			<string>sourcecode.c.h</string>
			<key>path</key>
			<string>EUtility.h</string>
			<key>sourceTree</key>
			<string>&lt;group&gt;</string>
		</dict>
		<key>5AA1F973188E69E300EA534C</key>
		<dict>
			<key>fileEncoding</key>
			<string>4</string>
			<key>isa</key>
			<string>PBXFileReference</string>
			<key>lastKnownFileType</key>
			<string>sourcecode.c.h</string>
			<key>name</key>
			<string>EUExCoverFlow2.h</string>
			<key>path</key>
			<string>EUExCoverFlow2/EUExCoverFlow2.h</string>
			<key>sourceTree</key>
			<string>&lt;group&gt;</string>
		</dict>
		<key>5AA1F974188E69E300EA534C</key>
		<dict>
			<key>fileEncoding</key>
			<string>4</string>
			<key>isa</key>
			<string>PBXFileReference</string>
			<key>lastKnownFileType</key>
			<string>sourcecode.c.objc</string>
			<key>name</key>
			<string>EUExCoverFlow2.m</string>
			<key>path</key>
			<string>EUExCoverFlow2/EUExCoverFlow2.m</string>
			<key>sourceTree</key>
			<string>&lt;group&gt;</string>
		</dict>
		<key>5AA1F975188E69E300EA534C</key>
		<dict>
			<key>children</key>
			<array>
				<string>21682E4A1D4B53300008BEBF</string>
				<string>2189535A1D4EED9A00C69839</string>
				<string>2189535B1D4EEDA100C69839</string>
				<string>2189535D1D4EEE9100C69839</string>
				<string>2189535E1D4EEE9100C69839</string>
				<string>5AA1F983188E69E300EA534C</string>
			</array>
			<key>isa</key>
			<string>PBXGroup</string>
			<key>name</key>
			<string>soureCode</string>
			<key>path</key>
			<string>EUExCoverFlow2/soureCode</string>
			<key>sourceTree</key>
			<string>&lt;group&gt;</string>
		</dict>
		<key>5AA1F983188E69E300EA534C</key>
		<dict>
			<key>children</key>
			<array>
				<string>5AA1F986188E69E300EA534C</string>
				<string>5AA1F987188E69E300EA534C</string>
				<string>5AA1F988188E69E300EA534C</string>
				<string>5AA1F989188E69E300EA534C</string>
				<string>5AA1F98A188E69E300EA534C</string>
				<string>5AA1F98B188E69E300EA534C</string>
				<string>5AA1F98C188E69E300EA534C</string>
				<string>5AA1F98D188E69E300EA534C</string>
				<string>5AA1F98E188E69E300EA534C</string>
				<string>5AA1F98F188E69E300EA534C</string>
				<string>5AA1F990188E69E300EA534C</string>
			</array>
			<key>isa</key>
			<string>PBXGroup</string>
			<key>path</key>
			<string>SDWebImage</string>
			<key>sourceTree</key>
			<string>&lt;group&gt;</string>
		</dict>
		<key>5AA1F986188E69E300EA534C</key>
		<dict>
			<key>fileEncoding</key>
			<string>4</string>
			<key>isa</key>
			<string>PBXFileReference</string>
			<key>lastKnownFileType</key>
			<string>sourcecode.c.h</string>
			<key>path</key>
			<string>SDImageCache.h</string>
			<key>sourceTree</key>
			<string>&lt;group&gt;</string>
		</dict>
		<key>5AA1F987188E69E300EA534C</key>
		<dict>
			<key>fileEncoding</key>
			<string>4</string>
			<key>isa</key>
			<string>PBXFileReference</string>
			<key>lastKnownFileType</key>
			<string>sourcecode.c.h</string>
			<key>path</key>
			<string>SDImageCacheDelegate.h</string>
			<key>sourceTree</key>
			<string>&lt;group&gt;</string>
		</dict>
		<key>5AA1F988188E69E300EA534C</key>
		<dict>
			<key>fileEncoding</key>
			<string>4</string>
			<key>isa</key>
			<string>PBXFileReference</string>
			<key>lastKnownFileType</key>
			<string>sourcecode.c.h</string>
			<key>path</key>
			<string>SDWebImageCompat.h</string>
			<key>sourceTree</key>
			<string>&lt;group&gt;</string>
		</dict>
		<key>5AA1F989188E69E300EA534C</key>
		<dict>
			<key>fileEncoding</key>
			<string>4</string>
			<key>isa</key>
			<string>PBXFileReference</string>
			<key>lastKnownFileType</key>
			<string>sourcecode.c.h</string>
			<key>path</key>
			<string>SDWebImageDecoder.h</string>
			<key>sourceTree</key>
			<string>&lt;group&gt;</string>
		</dict>
		<key>5AA1F98A188E69E300EA534C</key>
		<dict>
			<key>fileEncoding</key>
			<string>4</string>
			<key>isa</key>
			<string>PBXFileReference</string>
			<key>lastKnownFileType</key>
			<string>sourcecode.c.h</string>
			<key>path</key>
			<string>SDWebImageDownloader.h</string>
			<key>sourceTree</key>
			<string>&lt;group&gt;</string>
		</dict>
		<key>5AA1F98B188E69E300EA534C</key>
		<dict>
			<key>fileEncoding</key>
			<string>4</string>
			<key>isa</key>
			<string>PBXFileReference</string>
			<key>lastKnownFileType</key>
			<string>sourcecode.c.h</string>
			<key>path</key>
			<string>SDWebImageDownloaderDelegate.h</string>
			<key>sourceTree</key>
			<string>&lt;group&gt;</string>
		</dict>
		<key>5AA1F98C188E69E300EA534C</key>
		<dict>
			<key>fileEncoding</key>
			<string>4</string>
			<key>isa</key>
			<string>PBXFileReference</string>
			<key>lastKnownFileType</key>
			<string>sourcecode.c.h</string>
			<key>path</key>
			<string>SDWebImageManager.h</string>
			<key>sourceTree</key>
			<string>&lt;group&gt;</string>
		</dict>
		<key>5AA1F98D188E69E300EA534C</key>
		<dict>
			<key>fileEncoding</key>
			<string>4</string>
			<key>isa</key>
			<string>PBXFileReference</string>
			<key>lastKnownFileType</key>
			<string>sourcecode.c.h</string>
			<key>path</key>
			<string>SDWebImageManagerDelegate.h</string>
			<key>sourceTree</key>
			<string>&lt;group&gt;</string>
		</dict>
		<key>5AA1F98E188E69E300EA534C</key>
		<dict>
			<key>fileEncoding</key>
			<string>4</string>
			<key>isa</key>
			<string>PBXFileReference</string>
			<key>lastKnownFileType</key>
			<string>sourcecode.c.h</string>
			<key>path</key>
			<string>SDWebImagePrefetcher.h</string>
			<key>sourceTree</key>
			<string>&lt;group&gt;</string>
		</dict>
		<key>5AA1F98F188E69E300EA534C</key>
		<dict>
			<key>fileEncoding</key>
			<string>4</string>
			<key>isa</key>
			<string>PBXFileReference</string>
			<key>lastKnownFileType</key>
			<string>sourcecode.c.h</string>
			<key>path</key>
			<string>UIButton+WebCache.h</string>
			<key>sourceTree</key>
			<string>&lt;group&gt;</string>
		</dict>
		<key>5AA1F990188E69E300EA534C</key>
		<dict>
			<key>fileEncoding</key>
			<string>4</string>
			<key>isa</key>
			<string>PBXFileReference</string>
			<key>lastKnownFileType</key>
			<string>sourcecode.c.h</string>
			<key>path</key>
			<string>UIImageView+WebCache.h</string>
			<key>sourceTree</key>
			<string>&lt;group&gt;</string>
		</dict>
		<key>5AA1F995188E69E300EA534C</key>
		<dict>
			<key>fileRef</key>
			<string>5AA1F974188E69E300EA534C</string>
			<key>isa</key>
			<string>PBXBuildFile</string>
		</dict>
		<key>84A033D4D13E5B90480820E6</key>
		<dict>
			<key>fileEncoding</key>
			<string>4</string>
			<key>isa</key>
			<string>PBXFileReference</string>
			<key>lastKnownFileType</key>
			<string>archive.ar</string>
			<key>name</key>
			<string>libz.tbd</string>
			<key>path</key>
			<string>usr/lib/libz.tbd</string>
			<key>sourceTree</key>
			<string>SDKROOT</string>
		</dict>
		<key>85549A05249A0CA5EDC237A1</key>
		<dict>
			<key>fileEncoding</key>
			<string>4</string>
			<key>isa</key>
			<string>PBXFileReference</string>
			<key>lastKnownFileType</key>
			<string>wrapper.framework</string>
			<key>name</key>
			<string>CoreGraphics.framework</string>
			<key>path</key>
			<string>System/Library/Frameworks/CoreGraphics.framework</string>
			<key>sourceTree</key>
			<string>SDKROOT</string>
		</dict>
		<key>8C64934832D9313E46D67159</key>
		<dict>
			<key>fileRef</key>
			<string>4F2946CC99B487445ACD1485</string>
			<key>isa</key>
			<string>PBXBuildFile</string>
		</dict>
		<key>918136CB9D61DBF71E87B5AD</key>
		<dict>
			<key>fileEncoding</key>
			<string>4</string>
			<key>isa</key>
			<string>PBXFileReference</string>
			<key>lastKnownFileType</key>
			<string>text.plist.strings</string>
			<key>name</key>
			<string>info.plist</string>
			<key>path</key>
			<string>../../../AppCanPluginTools-iOS/resource/IDEPluginProjectPackageResource/info.plist</string>
			<key>sourceTree</key>
			<string>&lt;group&gt;</string>
		</dict>
		<key>9C3ADA18BD46FF15BF92D1EA</key>
		<dict>
			<key>fileRef</key>
			<string>48F6B36B15B8BEB9894781F6</string>
			<key>isa</key>
			<string>PBXBuildFile</string>
		</dict>
		<key>BF67D1C1CA742E4B0C9A780C</key>
		<dict>
			<key>fileRef</key>
			<string>C40E45B7C565C22D0ECCDE6A</string>
			<key>isa</key>
			<string>PBXBuildFile</string>
		</dict>
		<key>C40E45B7C565C22D0ECCDE6A</key>
		<dict>
			<key>fileEncoding</key>
			<string>4</string>
			<key>isa</key>
			<string>PBXFileReference</string>
			<key>lastKnownFileType</key>
			<string>wrapper.framework</string>
			<key>name</key>
			<string>ImageIO.framework</string>
			<key>path</key>
			<string>System/Library/Frameworks/ImageIO.framework</string>
			<key>sourceTree</key>
			<string>SDKROOT</string>
		</dict>
		<key>D4D7D30DC064FA23317C6B9F</key>
		<dict>
			<key>fileRef</key>
			<string>29079E63F6B1BE60E94B3A74</string>
			<key>isa</key>
			<string>PBXBuildFile</string>
		</dict>
		<key>DA3980D9182EEFFEF6CE8FE4</key>
		<dict>
			<key>fileRef</key>
			<string>43815AAA29E3D2CB1CB437EC</string>
			<key>isa</key>
			<string>PBXBuildFile</string>
		</dict>
		<key>DC6B95463653F3D5B657EAE4</key>
		<dict>
			<key>fileEncoding</key>
			<string>4</string>
			<key>isa</key>
			<string>PBXFileReference</string>
			<key>lastKnownFileType</key>
			<string>wrapper.framework</string>
			<key>name</key>
			<string>UIKit.framework</string>
			<key>path</key>
			<string>System/Library/Frameworks/UIKit.framework</string>
			<key>sourceTree</key>
			<string>SDKROOT</string>
		</dict>
		<key>E1CD9C719D9DE0B7D841C599</key>
		<dict>
			<key>fileEncoding</key>
			<string>4</string>
			<key>isa</key>
			<string>PBXFileReference</string>
			<key>lastKnownFileType</key>
			<string>wrapper.framework</string>
			<key>name</key>
			<string>MapKit.framework</string>
			<key>path</key>
			<string>System/Library/Frameworks/MapKit.framework</string>
			<key>sourceTree</key>
			<string>SDKROOT</string>
		</dict>
		<key>E2D9B147CF7FD0B557A3E76A</key>
		<dict>
			<key>children</key>
			<array>
				<string>4C6FA2094BA9F739077F0EBE</string>
				<string>918136CB9D61DBF71E87B5AD</string>
			</array>
			<key>isa</key>
			<string>PBXGroup</string>
			<key>path</key>
			<string>AppCanEngine</string>
			<key>sourceTree</key>
			<string>&lt;group&gt;</string>
		</dict>
		<key>ECE3CB094F0EF72F68C4ECC2</key>
		<dict>
			<key>fileRef</key>
			<string>1F2837F8C11FE3AC7DA6E97F</string>
			<key>isa</key>
			<string>PBXBuildFile</string>
		</dict>
		<key>F486F0A1E7FB09AD9CB453EA</key>
		<dict>
			<key>fileEncoding</key>
			<string>4</string>
			<key>isa</key>
			<string>PBXFileReference</string>
			<key>lastKnownFileType</key>
			<string>wrapper.framework</string>
			<key>name</key>
			<string>AudioToolbox.framework</string>
			<key>path</key>
			<string>System/Library/Frameworks/AudioToolbox.framework</string>
			<key>sourceTree</key>
			<string>SDKROOT</string>
		</dict>
		<key>F6D4C0E1E7DA1A8A08D2501C</key>
		<dict>
			<key>fileRef</key>
			<string>46CF42EAD86EEB6021B3D215</string>
			<key>isa</key>
			<string>PBXBuildFile</string>
		</dict>
		<key>F784611BEF03DC2AB0D3E98D</key>
		<dict>
			<key>fileRef</key>
			<string>85549A05249A0CA5EDC237A1</string>
			<key>isa</key>
			<string>PBXBuildFile</string>
		</dict>
	</dict>
	<key>rootObject</key>
	<string>5A163F9A172930BD00F95EB7</string>
</dict>
</plist>
