// !$*UTF8*$!
{
	archiveVersion = 1;
	classes = {
	};
	objectVersion = 46;
	objects = {

/* Begin PBXBuildFile section */
		0643FE1C459BB746C26DE329 /* libc++.tbd in Frameworks */ = {isa = PBXBuildFile; fileRef = 2D72E7133FC3DB919DEE0BCD /* libc++.tbd */; };
		2189535F1D4EEE9100C69839 /* iCarouselCoverFlow.m in Sources */ = {isa = PBXBuildFile; fileRef = 2189535E1D4EEE9100C69839 /* iCarouselCoverFlow.m */; };
		264B7F5CCA23511EF3103973 /* UIKit.framework in Frameworks */ = {isa = PBXBuildFile; fileRef = DC6B95463653F3D5B657EAE4 /* UIKit.framework */; };
		28873BF19ED394A092D2BC90 /* AppCanEngine.framework in Frameworks */ = {isa = PBXBuildFile; fileRef = 4C6FA2094BA9F739077F0EBE /* AppCanEngine.framework */; };
		37536CCC64881F196A8BC611 /* libz.tbd in Frameworks */ = {isa = PBXBuildFile; fileRef = 84A033D4D13E5B90480820E6 /* libz.tbd */; };
		4258084A8DD0E0D9B4AD7944 /* MapKit.framework in Frameworks */ = {isa = PBXBuildFile; fileRef = E1CD9C719D9DE0B7D841C599 /* MapKit.framework */; };
		4D75BEB9AFF71D437917B1D9 /* AudioToolbox.framework in Frameworks */ = {isa = PBXBuildFile; fileRef = F486F0A1E7FB09AD9CB453EA /* AudioToolbox.framework */; };
		5A163FA7172930BD00F95EB7 /* Foundation.framework in Frameworks */ = {isa = PBXBuildFile; fileRef = 5A163FA6172930BD00F95EB7 /* Foundation.framework */; };
		5AA1F995188E69E300EA534C /* EUExCoverFlow2.m in Sources */ = {isa = PBXBuildFile; fileRef = 5AA1F974188E69E300EA534C /* EUExCoverFlow2.m */; };
		5BA4319C1DD315E300D3E7F4 /* iCarousel.framework in Frameworks */ = {isa = PBXBuildFile; fileRef = 5BA4319B1DD315E300D3E7F4 /* iCarousel.framework */; };
		8C64934832D9313E46D67159 /* QuartzCore.framework in Frameworks */ = {isa = PBXBuildFile; fileRef = 4F2946CC99B487445ACD1485 /* QuartzCore.framework */; };
		9C3ADA18BD46FF15BF92D1EA /* SystemConfiguration.framework in Frameworks */ = {isa = PBXBuildFile; fileRef = 48F6B36B15B8BEB9894781F6 /* SystemConfiguration.framework */; };
		BF67D1C1CA742E4B0C9A780C /* ImageIO.framework in Frameworks */ = {isa = PBXBuildFile; fileRef = C40E45B7C565C22D0ECCDE6A /* ImageIO.framework */; };
		D4D7D30DC064FA23317C6B9F /* MobileCoreServices.framework in Frameworks */ = {isa = PBXBuildFile; fileRef = 29079E63F6B1BE60E94B3A74 /* MobileCoreServices.framework */; };
		DA3980D9182EEFFEF6CE8FE4 /* libstdc++.tbd in Frameworks */ = {isa = PBXBuildFile; fileRef = 43815AAA29E3D2CB1CB437EC /* libstdc++.tbd */; };
		ECE3CB094F0EF72F68C4ECC2 /* libsqlite3.tbd in Frameworks */ = {isa = PBXBuildFile; fileRef = 1F2837F8C11FE3AC7DA6E97F /* libsqlite3.tbd */; };
		F6D4C0E1E7DA1A8A08D2501C /* CFNetWork.framework in Frameworks */ = {isa = PBXBuildFile; fileRef = 46CF42EAD86EEB6021B3D215 /* CFNetWork.framework */; };
		F784611BEF03DC2AB0D3E98D /* CoreGraphics.framework in Frameworks */ = {isa = PBXBuildFile; fileRef = 85549A05249A0CA5EDC237A1 /* CoreGraphics.framework */; };
/* End PBXBuildFile section */

/* Begin PBXFileReference section */
		1F2837F8C11FE3AC7DA6E97F /* libsqlite3.tbd */ = {isa = PBXFileReference; fileEncoding = 4; lastKnownFileType = archive.ar; name = libsqlite3.tbd; path = usr/lib/libsqlite3.tbd; sourceTree = SDKROOT; };
		2189535D1D4EEE9100C69839 /* iCarouselCoverFlow.h */ = {isa = PBXFileReference; fileEncoding = 4; lastKnownFileType = sourcecode.c.h; path = iCarouselCoverFlow.h; sourceTree = "<group>"; };
		2189535E1D4EEE9100C69839 /* iCarouselCoverFlow.m */ = {isa = PBXFileReference; fileEncoding = 4; lastKnownFileType = sourcecode.c.objc; path = iCarouselCoverFlow.m; sourceTree = "<group>"; };
		29079E63F6B1BE60E94B3A74 /* MobileCoreServices.framework */ = {isa = PBXFileReference; fileEncoding = 4; lastKnownFileType = wrapper.framework; name = MobileCoreServices.framework; path = System/Library/Frameworks/MobileCoreServices.framework; sourceTree = SDKROOT; };
		2D72E7133FC3DB919DEE0BCD /* libc++.tbd */ = {isa = PBXFileReference; fileEncoding = 4; lastKnownFileType = archive.ar; name = "libc++.tbd"; path = "usr/lib/libc++.tbd"; sourceTree = SDKROOT; };
		43815AAA29E3D2CB1CB437EC /* libstdc++.tbd */ = {isa = PBXFileReference; fileEncoding = 4; lastKnownFileType = archive.ar; name = "libstdc++.tbd"; path = "usr/lib/libstdc++.tbd"; sourceTree = SDKROOT; };
		46CF42EAD86EEB6021B3D215 /* CFNetWork.framework */ = {isa = PBXFileReference; fileEncoding = 4; lastKnownFileType = wrapper.framework; name = CFNetWork.framework; path = System/Library/Frameworks/CFNetWork.framework; sourceTree = SDKROOT; };
		48F6B36B15B8BEB9894781F6 /* SystemConfiguration.framework */ = {isa = PBXFileReference; fileEncoding = 4; lastKnownFileType = wrapper.framework; name = SystemConfiguration.framework; path = System/Library/Frameworks/SystemConfiguration.framework; sourceTree = SDKROOT; };
		4C6FA2094BA9F739077F0EBE /* AppCanEngine.framework */ = {isa = PBXFileReference; fileEncoding = 4; lastKnownFileType = wrapper.framework; name = AppCanEngine.framework; path = "../../../AppCanPluginTools-iOS/resource/IDEPluginProjectPackageResource/AppCanEngine.framework"; sourceTree = "<group>"; };
		4F2946CC99B487445ACD1485 /* QuartzCore.framework */ = {isa = PBXFileReference; fileEncoding = 4; lastKnownFileType = wrapper.framework; name = QuartzCore.framework; path = System/Library/Frameworks/QuartzCore.framework; sourceTree = SDKROOT; };
		5A163FA3172930BD00F95EB7 /* uexCoverFlow2.framework */ = {isa = PBXFileReference; explicitFileType = archive.ar; includeInIndex = 0; path = uexCoverFlow2.framework; sourceTree = BUILT_PRODUCTS_DIR; };
		5A163FA6172930BD00F95EB7 /* Foundation.framework */ = {isa = PBXFileReference; lastKnownFileType = wrapper.framework; name = Foundation.framework; path = System/Library/Frameworks/Foundation.framework; sourceTree = SDKROOT; };
		5A1640811729363800F95EB7 /* EUExCoverFlow2-Prefix.pch */ = {isa = PBXFileReference; fileEncoding = 4; lastKnownFileType = sourcecode.c.h; name = "EUExCoverFlow2-Prefix.pch"; path = "EUExCoverFlow2/EUExCoverFlow2-Prefix.pch"; sourceTree = "<group>"; };
		5AA1F971188E69E300EA534C /* EUExBaseDefine.h */ = {isa = PBXFileReference; fileEncoding = 4; lastKnownFileType = sourcecode.c.h; path = EUExBaseDefine.h; sourceTree = "<group>"; };
		5AA1F972188E69E300EA534C /* EUtility.h */ = {isa = PBXFileReference; fileEncoding = 4; lastKnownFileType = sourcecode.c.h; path = EUtility.h; sourceTree = "<group>"; };
		5AA1F973188E69E300EA534C /* EUExCoverFlow2.h */ = {isa = PBXFileReference; fileEncoding = 4; lastKnownFileType = sourcecode.c.h; name = EUExCoverFlow2.h; path = EUExCoverFlow2/EUExCoverFlow2.h; sourceTree = "<group>"; };
		5AA1F974188E69E300EA534C /* EUExCoverFlow2.m */ = {isa = PBXFileReference; fileEncoding = 4; lastKnownFileType = sourcecode.c.objc; name = EUExCoverFlow2.m; path = EUExCoverFlow2/EUExCoverFlow2.m; sourceTree = "<group>"; };
		5AA1F986188E69E300EA534C /* SDImageCache.h */ = {isa = PBXFileReference; fileEncoding = 4; lastKnownFileType = sourcecode.c.h; path = SDImageCache.h; sourceTree = "<group>"; };
		5AA1F987188E69E300EA534C /* SDImageCacheDelegate.h */ = {isa = PBXFileReference; fileEncoding = 4; lastKnownFileType = sourcecode.c.h; path = SDImageCacheDelegate.h; sourceTree = "<group>"; };
		5AA1F988188E69E300EA534C /* SDWebImageCompat.h */ = {isa = PBXFileReference; fileEncoding = 4; lastKnownFileType = sourcecode.c.h; path = SDWebImageCompat.h; sourceTree = "<group>"; };
		5AA1F989188E69E300EA534C /* SDWebImageDecoder.h */ = {isa = PBXFileReference; fileEncoding = 4; lastKnownFileType = sourcecode.c.h; path = SDWebImageDecoder.h; sourceTree = "<group>"; };
		5AA1F98A188E69E300EA534C /* SDWebImageDownloader.h */ = {isa = PBXFileReference; fileEncoding = 4; lastKnownFileType = sourcecode.c.h; path = SDWebImageDownloader.h; sourceTree = "<group>"; };
		5AA1F98B188E69E300EA534C /* SDWebImageDownloaderDelegate.h */ = {isa = PBXFileReference; fileEncoding = 4; lastKnownFileType = sourcecode.c.h; path = SDWebImageDownloaderDelegate.h; sourceTree = "<group>"; };
		5AA1F98C188E69E300EA534C /* SDWebImageManager.h */ = {isa = PBXFileReference; fileEncoding = 4; lastKnownFileType = sourcecode.c.h; path = SDWebImageManager.h; sourceTree = "<group>"; };
		5AA1F98D188E69E300EA534C /* SDWebImageManagerDelegate.h */ = {isa = PBXFileReference; fileEncoding = 4; lastKnownFileType = sourcecode.c.h; path = SDWebImageManagerDelegate.h; sourceTree = "<group>"; };
		5AA1F98E188E69E300EA534C /* SDWebImagePrefetcher.h */ = {isa = PBXFileReference; fileEncoding = 4; lastKnownFileType = sourcecode.c.h; path = SDWebImagePrefetcher.h; sourceTree = "<group>"; };
		5AA1F98F188E69E300EA534C /* UIButton+WebCache.h */ = {isa = PBXFileReference; fileEncoding = 4; lastKnownFileType = sourcecode.c.h; path = "UIButton+WebCache.h"; sourceTree = "<group>"; };
		5AA1F990188E69E300EA534C /* UIImageView+WebCache.h */ = {isa = PBXFileReference; fileEncoding = 4; lastKnownFileType = sourcecode.c.h; path = "UIImageView+WebCache.h"; sourceTree = "<group>"; };
		5BA4319B1DD315E300D3E7F4 /* iCarousel.framework */ = {isa = PBXFileReference; lastKnownFileType = wrapper.framework; path = iCarousel.framework; sourceTree = "<group>"; };
		84A033D4D13E5B90480820E6 /* libz.tbd */ = {isa = PBXFileReference; fileEncoding = 4; lastKnownFileType = archive.ar; name = libz.tbd; path = usr/lib/libz.tbd; sourceTree = SDKROOT; };
		85549A05249A0CA5EDC237A1 /* CoreGraphics.framework */ = {isa = PBXFileReference; fileEncoding = 4; lastKnownFileType = wrapper.framework; name = CoreGraphics.framework; path = System/Library/Frameworks/CoreGraphics.framework; sourceTree = SDKROOT; };
		918136CB9D61DBF71E87B5AD /* info.plist */ = {isa = PBXFileReference; fileEncoding = 4; lastKnownFileType = text.plist.strings; name = info.plist; path = "../../../AppCanPluginTools-iOS/resource/IDEPluginProjectPackageResource/info.plist"; sourceTree = "<group>"; };
		C40E45B7C565C22D0ECCDE6A /* ImageIO.framework */ = {isa = PBXFileReference; fileEncoding = 4; lastKnownFileType = wrapper.framework; name = ImageIO.framework; path = System/Library/Frameworks/ImageIO.framework; sourceTree = SDKROOT; };
		DC6B95463653F3D5B657EAE4 /* UIKit.framework */ = {isa = PBXFileReference; fileEncoding = 4; lastKnownFileType = wrapper.framework; name = UIKit.framework; path = System/Library/Frameworks/UIKit.framework; sourceTree = SDKROOT; };
		E1CD9C719D9DE0B7D841C599 /* MapKit.framework */ = {isa = PBXFileReference; fileEncoding = 4; lastKnownFileType = wrapper.framework; name = MapKit.framework; path = System/Library/Frameworks/MapKit.framework; sourceTree = SDKROOT; };
		F486F0A1E7FB09AD9CB453EA /* AudioToolbox.framework */ = {isa = PBXFileReference; fileEncoding = 4; lastKnownFileType = wrapper.framework; name = AudioToolbox.framework; path = System/Library/Frameworks/AudioToolbox.framework; sourceTree = SDKROOT; };
/* End PBXFileReference section */

/* Begin PBXFrameworksBuildPhase section */
		5A163FA0172930BD00F95EB7 /* Frameworks */ = {
			isa = PBXFrameworksBuildPhase;
			buildActionMask = 2147483647;
			files = (
				5A163FA7172930BD00F95EB7 /* Foundation.framework in Frameworks */,
				4258084A8DD0E0D9B4AD7944 /* MapKit.framework in Frameworks */,
				4D75BEB9AFF71D437917B1D9 /* AudioToolbox.framework in Frameworks */,
				9C3ADA18BD46FF15BF92D1EA /* SystemConfiguration.framework in Frameworks */,
				BF67D1C1CA742E4B0C9A780C /* ImageIO.framework in Frameworks */,
				F6D4C0E1E7DA1A8A08D2501C /* CFNetWork.framework in Frameworks */,
				5BA4319C1DD315E300D3E7F4 /* iCarousel.framework in Frameworks */,
				D4D7D30DC064FA23317C6B9F /* MobileCoreServices.framework in Frameworks */,
				264B7F5CCA23511EF3103973 /* UIKit.framework in Frameworks */,
				F784611BEF03DC2AB0D3E98D /* CoreGraphics.framework in Frameworks */,
				8C64934832D9313E46D67159 /* QuartzCore.framework in Frameworks */,
				0643FE1C459BB746C26DE329 /* libc++.tbd in Frameworks */,
				DA3980D9182EEFFEF6CE8FE4 /* libstdc++.tbd in Frameworks */,
				ECE3CB094F0EF72F68C4ECC2 /* libsqlite3.tbd in Frameworks */,
				37536CCC64881F196A8BC611 /* libz.tbd in Frameworks */,
				28873BF19ED394A092D2BC90 /* AppCanEngine.framework in Frameworks */,
			);
			runOnlyForDeploymentPostprocessing = 0;
		};
/* End PBXFrameworksBuildPhase section */

/* Begin PBXGroup section */
		090D872DE0560A1C5F7B618D /* IDE-Frameworks */ = {
			isa = PBXGroup;
			children = (
				E1CD9C719D9DE0B7D841C599 /* MapKit.framework */,
				F486F0A1E7FB09AD9CB453EA /* AudioToolbox.framework */,
				48F6B36B15B8BEB9894781F6 /* SystemConfiguration.framework */,
				C40E45B7C565C22D0ECCDE6A /* ImageIO.framework */,
				46CF42EAD86EEB6021B3D215 /* CFNetWork.framework */,
				29079E63F6B1BE60E94B3A74 /* MobileCoreServices.framework */,
				DC6B95463653F3D5B657EAE4 /* UIKit.framework */,
				85549A05249A0CA5EDC237A1 /* CoreGraphics.framework */,
				4F2946CC99B487445ACD1485 /* QuartzCore.framework */,
				2D72E7133FC3DB919DEE0BCD /* libc++.tbd */,
				43815AAA29E3D2CB1CB437EC /* libstdc++.tbd */,
				1F2837F8C11FE3AC7DA6E97F /* libsqlite3.tbd */,
				84A033D4D13E5B90480820E6 /* libz.tbd */,
			);
			path = "IDE-Frameworks";
			sourceTree = "<group>";
		};
		5A163F98172930BD00F95EB7 = {
			isa = PBXGroup;
			children = (
				5AA1F96F188E69E300EA534C /* engineHeader */,
				5AA1F973188E69E300EA534C /* EUExCoverFlow2.h */,
				5AA1F974188E69E300EA534C /* EUExCoverFlow2.m */,
				5AA1F975188E69E300EA534C /* soureCode */,
				5A1640811729363800F95EB7 /* EUExCoverFlow2-Prefix.pch */,
				5A163FA5172930BD00F95EB7 /* Frameworks */,
				090D872DE0560A1C5F7B618D /* IDE-Frameworks */,
				E2D9B147CF7FD0B557A3E76A /* AppCanEngine */,
				5A163FA4172930BD00F95EB7 /* Products */,
			);
			sourceTree = "<group>";
		};
		5A163FA4172930BD00F95EB7 /* Products */ = {
			isa = PBXGroup;
			children = (
				5A163FA3172930BD00F95EB7 /* uexCoverFlow2.framework */,
			);
			name = Products;
			sourceTree = "<group>";
		};
		5A163FA5172930BD00F95EB7 /* Frameworks */ = {
			isa = PBXGroup;
			children = (
				5A163FA6172930BD00F95EB7 /* Foundation.framework */,
			);
			name = Frameworks;
			sourceTree = "<group>";
		};
		5AA1F96F188E69E300EA534C /* engineHeader */ = {
			isa = PBXGroup;
			children = (
				5AA1F971188E69E300EA534C /* EUExBaseDefine.h */,
				5AA1F972188E69E300EA534C /* EUtility.h */,
			);
			name = engineHeader;
			path = EUExCoverFlow2/engineHeader;
			sourceTree = "<group>";
		};
		5AA1F975188E69E300EA534C /* soureCode */ = {
			isa = PBXGroup;
			children = (
				5BA4319B1DD315E300D3E7F4 /* iCarousel.framework */,
				2189535D1D4EEE9100C69839 /* iCarouselCoverFlow.h */,
				2189535E1D4EEE9100C69839 /* iCarouselCoverFlow.m */,
				5AA1F983188E69E300EA534C /* SDWebImage */,
			);
			name = soureCode;
			path = EUExCoverFlow2/soureCode;
			sourceTree = "<group>";
		};
		5AA1F983188E69E300EA534C /* SDWebImage */ = {
			isa = PBXGroup;
			children = (
				5AA1F986188E69E300EA534C /* SDImageCache.h */,
				5AA1F987188E69E300EA534C /* SDImageCacheDelegate.h */,
				5AA1F988188E69E300EA534C /* SDWebImageCompat.h */,
				5AA1F989188E69E300EA534C /* SDWebImageDecoder.h */,
				5AA1F98A188E69E300EA534C /* SDWebImageDownloader.h */,
				5AA1F98B188E69E300EA534C /* SDWebImageDownloaderDelegate.h */,
				5AA1F98C188E69E300EA534C /* SDWebImageManager.h */,
				5AA1F98D188E69E300EA534C /* SDWebImageManagerDelegate.h */,
				5AA1F98E188E69E300EA534C /* SDWebImagePrefetcher.h */,
				5AA1F98F188E69E300EA534C /* UIButton+WebCache.h */,
				5AA1F990188E69E300EA534C /* UIImageView+WebCache.h */,
			);
			path = SDWebImage;
			sourceTree = "<group>";
		};
		E2D9B147CF7FD0B557A3E76A /* AppCanEngine */ = {
			isa = PBXGroup;
			children = (
				4C6FA2094BA9F739077F0EBE /* AppCanEngine.framework */,
				918136CB9D61DBF71E87B5AD /* info.plist */,
			);
			path = AppCanEngine;
			sourceTree = "<group>";
		};
/* End PBXGroup section */

/* Begin PBXNativeTarget section */
		5A163FA2172930BD00F95EB7 /* EUExCoverFlow2 */ = {
			isa = PBXNativeTarget;
			buildConfigurationList = 5A163FB1172930BD00F95EB7 /* Build configuration list for PBXNativeTarget "EUExCoverFlow2" */;
			buildPhases = (
				5A163F9F172930BD00F95EB7 /* Sources */,
				5A163FA0172930BD00F95EB7 /* Frameworks */,
			);
			buildRules = (
			);
			dependencies = (
			);
			name = EUExCoverFlow2;
			productName = EUExCoverFlow;
			productReference = 5A163FA3172930BD00F95EB7 /* uexCoverFlow2.framework */;
			productType = "com.apple.product-type.framework";
		};
/* End PBXNativeTarget section */

/* Begin PBXProject section */
		5A163F9A172930BD00F95EB7 /* Project object */ = {
			isa = PBXProject;
			attributes = {
				LastUpgradeCheck = 0450;
				ORGANIZATIONNAME = xll;
			};
			buildConfigurationList = 5A163F9D172930BD00F95EB7 /* Build configuration list for PBXProject "EUExCoverFlow2IDE" */;
			compatibilityVersion = "Xcode 3.2";
			developmentRegion = English;
			hasScannedForEncodings = 0;
			knownRegions = (
				en,
			);
			mainGroup = 5A163F98172930BD00F95EB7;
			productRefGroup = 5A163FA4172930BD00F95EB7 /* Products */;
			projectDirPath = "";
			projectRoot = "";
			targets = (
				5A163FA2172930BD00F95EB7 /* EUExCoverFlow2 */,
			);
		};
/* End PBXProject section */

/* Begin PBXSourcesBuildPhase section */
		5A163F9F172930BD00F95EB7 /* Sources */ = {
			isa = PBXSourcesBuildPhase;
			buildActionMask = 2147483647;
			files = (
				5AA1F995188E69E300EA534C /* EUExCoverFlow2.m in Sources */,
				2189535F1D4EEE9100C69839 /* iCarouselCoverFlow.m in Sources */,
			);
			runOnlyForDeploymentPostprocessing = 0;
		};
/* End PBXSourcesBuildPhase section */

/* Begin XCBuildConfiguration section */
		5A163FAF172930BD00F95EB7 /* Debug */ = {
			isa = XCBuildConfiguration;
			buildSettings = {
				ALWAYS_SEARCH_USER_PATHS = NO;
				CLANG_CXX_LANGUAGE_STANDARD = "gnu++0x";
				CLANG_CXX_LIBRARY = "libc++";
				CLANG_WARN_EMPTY_BODY = YES;
				CLANG_WARN__DUPLICATE_METHOD_MATCH = YES;
				COPY_PHASE_STRIP = NO;
				DEBUG_INFORMATION_FORMAT = dwarf;
				GCC_C_LANGUAGE_STANDARD = gnu99;
				GCC_DYNAMIC_NO_PIC = NO;
				GCC_OPTIMIZATION_LEVEL = 0;
				GCC_PREPROCESSOR_DEFINITIONS = (
					"DEBUG=1",
					"$(inherited)",
				);
				GCC_SYMBOLS_PRIVATE_EXTERN = NO;
				GCC_WARN_ABOUT_RETURN_TYPE = YES;
				GCC_WARN_UNINITIALIZED_AUTOS = YES;
				GCC_WARN_UNUSED_VARIABLE = YES;
				IPHONEOS_DEPLOYMENT_TARGET = 8.0;
				ONLY_ACTIVE_ARCH = NO;
				SDKROOT = iphoneos;
				TARGETED_DEVICE_FAMILY = "1,2";
			};
			name = Debug;
		};
		5A163FB0172930BD00F95EB7 /* Release */ = {
			isa = XCBuildConfiguration;
			buildSettings = {
				ALWAYS_SEARCH_USER_PATHS = NO;
				CLANG_CXX_LANGUAGE_STANDARD = "gnu++0x";
				CLANG_CXX_LIBRARY = "libc++";
				CLANG_WARN_EMPTY_BODY = YES;
				CLANG_WARN__DUPLICATE_METHOD_MATCH = YES;
				COPY_PHASE_STRIP = YES;
				DEBUG_INFORMATION_FORMAT = dwarf;
				GCC_C_LANGUAGE_STANDARD = gnu99;
				GCC_WARN_ABOUT_RETURN_TYPE = YES;
				GCC_WARN_UNINITIALIZED_AUTOS = YES;
				GCC_WARN_UNUSED_VARIABLE = YES;
				IPHONEOS_DEPLOYMENT_TARGET = 8.0;
				ONLY_ACTIVE_ARCH = NO;
				SDKROOT = iphoneos;
				TARGETED_DEVICE_FAMILY = "1,2";
				VALIDATE_PRODUCT = YES;
			};
			name = Release;
		};
		5A163FB2172930BD00F95EB7 /* Debug */ = {
			isa = XCBuildConfiguration;
			buildSettings = {
				BUNDLE_IDENTIFIER = com.zywx.runner;
				CLANG_ENABLE_OBJC_ARC = YES;
				CONFIGURATION_BUILD_DIR = "$(SRCROOT)/uexCoverFlow2/IDE/";
				DEBUG_INFORMATION_FORMAT = dwarf;
				DEFINES_MODULE = YES;
				DSTROOT = /tmp/EUExCoverFlow2.dst;
				DYLIB_COMPATIBILITY_VERSION = 1;
				DYLIB_CURRENT_VERSION = 1;
				DYLIB_INSTALL_NAME_BASE = "@rpath";
				ENABLE_BITCODE = NO;
				FRAMEWORK_SEARCH_PATHS = (
					"$(inherited)",
					"$(PROJECT_DIR)/EUExCoverFlow2/soureCode",
					"$(PROJECT_DIR)",
					"$(SRCROOT)/../../AppCanPluginTools-iOS/resource/IDEPluginProjectPackageResource",
				);
				GCC_PRECOMPILE_PREFIX_HEADER = YES;
				GCC_PREFIX_HEADER = "EUExCoverFlow2/EUExCoverFlow2-Prefix.pch";
				HEADER_SEARCH_PATHS = "$(SRCROOT)/../../AppCanPluginTools-iOS/resource/IDEPluginProjectPackageResource";
				INFOPLIST_FILE = "$(SRCROOT)/../../AppCanPluginTools-iOS/resource/IDEPluginProjectPackageResource/info.plist";
				INSTALL_PATH = "$(LOCAL_LIBRARY_DIR)/Frameworks";
				IPHONEOS_DEPLOYMENT_TARGET = 8.0;
				LD_RUNPATH_SEARCH_PATHS = "$(inherited) @executable_path/Frameworks @executable_path @loader_path/Frameworks @loader_path";
				LIBRARY_SEARCH_PATHS = (
					"$(inherited)",
					"$(SRCROOT)/../../AppCanPluginTools-iOS/resource/IDEPluginProjectPackageResource",
				);
				ONLY_ACTIVE_ARCH = NO;
				OTHER_LDFLAGS = (
					"-ObjC",
					"$(SRCROOT)/../../AppCanPluginTools-iOS/resource/IDEPluginProjectPackageResource/AppCanKit.framework/AppCanKit",
				);
				PRODUCT_NAME = uexCoverFlow2;
				PROVISIONING_PROFILE = "3046553f-5c0d-4f94-8f3c-dd49ce267880";
				SKIP_INSTALL = YES;
			};
			name = Debug;
		};
		5A163FB3172930BD00F95EB7 /* Release */ = {
			isa = XCBuildConfiguration;
			buildSettings = {
				BUNDLE_IDENTIFIER = com.zywx.runner;
				CLANG_ENABLE_OBJC_ARC = YES;
				CONFIGURATION_BUILD_DIR = "$(SRCROOT)/uexCoverFlow2/IDE/";
				DEBUG_INFORMATION_FORMAT = dwarf;
				DEFINES_MODULE = YES;
				DSTROOT = /tmp/EUExCoverFlow2.dst;
				DYLIB_COMPATIBILITY_VERSION = 1;
				DYLIB_CURRENT_VERSION = 1;
				DYLIB_INSTALL_NAME_BASE = "@rpath";
				ENABLE_BITCODE = NO;
				FRAMEWORK_SEARCH_PATHS = (
					"$(inherited)",
					"$(PROJECT_DIR)/EUExCoverFlow2/soureCode",
					"$(PROJECT_DIR)",
					"$(SRCROOT)/../../AppCanPluginTools-iOS/resource/IDEPluginProjectPackageResource",
				);
				GCC_PRECOMPILE_PREFIX_HEADER = YES;
				GCC_PREFIX_HEADER = "EUExCoverFlow2/EUExCoverFlow2-Prefix.pch";
				HEADER_SEARCH_PATHS = "$(SRCROOT)/../../AppCanPluginTools-iOS/resource/IDEPluginProjectPackageResource";
				INFOPLIST_FILE = "$(SRCROOT)/../../AppCanPluginTools-iOS/resource/IDEPluginProjectPackageResource/info.plist";
				INSTALL_PATH = "$(LOCAL_LIBRARY_DIR)/Frameworks";
				IPHONEOS_DEPLOYMENT_TARGET = 8.0;
				LD_RUNPATH_SEARCH_PATHS = "$(inherited) @executable_path/Frameworks @executable_path @loader_path/Frameworks @loader_path";
				LIBRARY_SEARCH_PATHS = (
					"$(inherited)",
					"$(SRCROOT)/../../AppCanPluginTools-iOS/resource/IDEPluginProjectPackageResource",
				);
				ONLY_ACTIVE_ARCH = NO;
				OTHER_LDFLAGS = (
					"-ObjC",
					"$(SRCROOT)/../../AppCanPluginTools-iOS/resource/IDEPluginProjectPackageResource/AppCanKit.framework/AppCanKit",
				);
				PRODUCT_NAME = uexCoverFlow2;
				PROVISIONING_PROFILE = "3046553f-5c0d-4f94-8f3c-dd49ce267880";
				SKIP_INSTALL = YES;
			};
			name = Release;
		};
/* End XCBuildConfiguration section */

/* Begin XCConfigurationList section */
		5A163F9D172930BD00F95EB7 /* Build configuration list for PBXProject "EUExCoverFlow2IDE" */ = {
			isa = XCConfigurationList;
			buildConfigurations = (
				5A163FAF172930BD00F95EB7 /* Debug */,
				5A163FB0172930BD00F95EB7 /* Release */,
			);
			defaultConfigurationIsVisible = 0;
			defaultConfigurationName = Release;
		};
		5A163FB1172930BD00F95EB7 /* Build configuration list for PBXNativeTarget "EUExCoverFlow2" */ = {
			isa = XCConfigurationList;
			buildConfigurations = (
				5A163FB2172930BD00F95EB7 /* Debug */,
				5A163FB3172930BD00F95EB7 /* Release */,
			);
			defaultConfigurationIsVisible = 0;
			defaultConfigurationName = Release;
		};
/* End XCConfigurationList section */
	};
	rootObject = 5A163F9A172930BD00F95EB7 /* Project object */;
}
